// !$*UTF8*$!
{
	archiveVersion = 1;
	classes = {
	};
	objectVersion = 46;
	objects = {

/* Begin PBXBuildFile section */
		556742AD1F3AA60900057642 /* AppDelegate.swift in Sources */ = {isa = PBXBuildFile; fileRef = 556742AC1F3AA60900057642 /* AppDelegate.swift */; };
		556742AF1F3AA60900057642 /* ViewController.swift in Sources */ = {isa = PBXBuildFile; fileRef = 556742AE1F3AA60900057642 /* ViewController.swift */; };
		556742B21F3AA60900057642 /* Main.storyboard in Resources */ = {isa = PBXBuildFile; fileRef = 556742B01F3AA60900057642 /* Main.storyboard */; };
		556742B41F3AA60900057642 /* Assets.xcassets in Resources */ = {isa = PBXBuildFile; fileRef = 556742B31F3AA60900057642 /* Assets.xcassets */; };
		556742B71F3AA60900057642 /* LaunchScreen.storyboard in Resources */ = {isa = PBXBuildFile; fileRef = 556742B51F3AA60900057642 /* LaunchScreen.storyboard */; };
		556742C21F3AA60A00057642 /* banqianQiJieTests.swift in Sources */ = {isa = PBXBuildFile; fileRef = 556742C11F3AA60A00057642 /* banqianQiJieTests.swift */; };
		556742CD1F3AA60A00057642 /* banqianQiJieUITests.swift in Sources */ = {isa = PBXBuildFile; fileRef = 556742CC1F3AA60A00057642 /* banqianQiJieUITests.swift */; };
/* End PBXBuildFile section */

/* Begin PBXContainerItemProxy section */
		556742BE1F3AA60900057642 /* PBXContainerItemProxy */ = {
			isa = PBXContainerItemProxy;
			containerPortal = 556742A11F3AA60900057642 /* Project object */;
			proxyType = 1;
			remoteGlobalIDString = 556742A81F3AA60900057642;
			remoteInfo = banqianQiJie;
		};
		556742C91F3AA60A00057642 /* PBXContainerItemProxy */ = {
			isa = PBXContainerItemProxy;
			containerPortal = 556742A11F3AA60900057642 /* Project object */;
			proxyType = 1;
			remoteGlobalIDString = 556742A81F3AA60900057642;
			remoteInfo = banqianQiJie;
		};
/* End PBXContainerItemProxy section */

/* Begin PBXFileReference section */
		556742A91F3AA60900057642 /* banqianQiJie.app */ = {isa = PBXFileReference; explicitFileType = wrapper.application; includeInIndex = 0; path = banqianQiJie.app; sourceTree = BUILT_PRODUCTS_DIR; };
		556742AC1F3AA60900057642 /* AppDelegate.swift */ = {isa = PBXFileReference; lastKnownFileType = sourcecode.swift; path = AppDelegate.swift; sourceTree = "<group>"; };
		556742AE1F3AA60900057642 /* ViewController.swift */ = {isa = PBXFileReference; lastKnownFileType = sourcecode.swift; path = ViewController.swift; sourceTree = "<group>"; };
		556742B11F3AA60900057642 /* Base */ = {isa = PBXFileReference; lastKnownFileType = file.storyboard; name = Base; path = Base.lproj/Main.storyboard; sourceTree = "<group>"; };
		556742B31F3AA60900057642 /* Assets.xcassets */ = {isa = PBXFileReference; lastKnownFileType = folder.assetcatalog; path = Assets.xcassets; sourceTree = "<group>"; };
		556742B61F3AA60900057642 /* Base */ = {isa = PBXFileReference; lastKnownFileType = file.storyboard; name = Base; path = Base.lproj/LaunchScreen.storyboard; sourceTree = "<group>"; };
		556742B81F3AA60900057642 /* Info.plist */ = {isa = PBXFileReference; lastKnownFileType = text.plist.xml; path = Info.plist; sourceTree = "<group>"; };
		556742BD1F3AA60900057642 /* banqianQiJieTests.xctest */ = {isa = PBXFileReference; explicitFileType = wrapper.cfbundle; includeInIndex = 0; path = banqianQiJieTests.xctest; sourceTree = BUILT_PRODUCTS_DIR; };
		556742C11F3AA60A00057642 /* banqianQiJieTests.swift */ = {isa = PBXFileReference; lastKnownFileType = sourcecode.swift; path = banqianQiJieTests.swift; sourceTree = "<group>"; };
		556742C31F3AA60A00057642 /* Info.plist */ = {isa = PBXFileReference; lastKnownFileType = text.plist.xml; path = Info.plist; sourceTree = "<group>"; };
		556742C81F3AA60A00057642 /* banqianQiJieUITests.xctest */ = {isa = PBXFileReference; explicitFileType = wrapper.cfbundle; includeInIndex = 0; path = banqianQiJieUITests.xctest; sourceTree = BUILT_PRODUCTS_DIR; };
		556742CC1F3AA60A00057642 /* banqianQiJieUITests.swift */ = {isa = PBXFileReference; lastKnownFileType = sourcecode.swift; path = banqianQiJieUITests.swift; sourceTree = "<group>"; };
		556742CE1F3AA60A00057642 /* Info.plist */ = {isa = PBXFileReference; lastKnownFileType = text.plist.xml; path = Info.plist; sourceTree = "<group>"; };
/* End PBXFileReference section */

/* Begin PBXFrameworksBuildPhase section */
		556742A61F3AA60900057642 /* Frameworks */ = {
			isa = PBXFrameworksBuildPhase;
			buildActionMask = 2147483647;
			files = (
			);
			runOnlyForDeploymentPostprocessing = 0;
		};
		556742BA1F3AA60900057642 /* Frameworks */ = {
			isa = PBXFrameworksBuildPhase;
			buildActionMask = 2147483647;
			files = (
			);
			runOnlyForDeploymentPostprocessing = 0;
		};
		556742C51F3AA60A00057642 /* Frameworks */ = {
			isa = PBXFrameworksBuildPhase;
			buildActionMask = 2147483647;
			files = (
			);
			runOnlyForDeploymentPostprocessing = 0;
		};
/* End PBXFrameworksBuildPhase section */

/* Begin PBXGroup section */
		556742A01F3AA60900057642 = {
			isa = PBXGroup;
			children = (
				556742AB1F3AA60900057642 /* banqianQiJie */,
				556742C01F3AA60900057642 /* banqianQiJieTests */,
				556742CB1F3AA60A00057642 /* banqianQiJieUITests */,
				556742AA1F3AA60900057642 /* Products */,
			);
			sourceTree = "<group>";
		};
		556742AA1F3AA60900057642 /* Products */ = {
			isa = PBXGroup;
			children = (
				556742A91F3AA60900057642 /* banqianQiJie.app */,
				556742BD1F3AA60900057642 /* banqianQiJieTests.xctest */,
				556742C81F3AA60A00057642 /* banqianQiJieUITests.xctest */,
			);
			name = Products;
			sourceTree = "<group>";
		};
		556742AB1F3AA60900057642 /* banqianQiJie */ = {
			isa = PBXGroup;
			children = (
				556742AC1F3AA60900057642 /* AppDelegate.swift */,
				556742AE1F3AA60900057642 /* ViewController.swift */,
				556742B01F3AA60900057642 /* Main.storyboard */,
				556742B31F3AA60900057642 /* Assets.xcassets */,
				556742B51F3AA60900057642 /* LaunchScreen.storyboard */,
				556742B81F3AA60900057642 /* Info.plist */,
			);
			path = banqianQiJie;
			sourceTree = "<group>";
		};
		556742C01F3AA60900057642 /* banqianQiJieTests */ = {
			isa = PBXGroup;
			children = (
				556742C11F3AA60A00057642 /* banqianQiJieTests.swift */,
				556742C31F3AA60A00057642 /* Info.plist */,
			);
			path = banqianQiJieTests;
			sourceTree = "<group>";
		};
		556742CB1F3AA60A00057642 /* banqianQiJieUITests */ = {
			isa = PBXGroup;
			children = (
				556742CC1F3AA60A00057642 /* banqianQiJieUITests.swift */,
				556742CE1F3AA60A00057642 /* Info.plist */,
			);
			path = banqianQiJieUITests;
			sourceTree = "<group>";
		};
/* End PBXGroup section */

/* Begin PBXNativeTarget section */
		556742A81F3AA60900057642 /* banqianQiJie */ = {
			isa = PBXNativeTarget;
			buildConfigurationList = 556742D11F3AA60A00057642 /* Build configuration list for PBXNativeTarget "banqianQiJie" */;
			buildPhases = (
				556742A51F3AA60900057642 /* Sources */,
				556742A61F3AA60900057642 /* Frameworks */,
				556742A71F3AA60900057642 /* Resources */,
			);
			buildRules = (
			);
			dependencies = (
			);
			name = banqianQiJie;
			productName = banqianQiJie;
			productReference = 556742A91F3AA60900057642 /* banqianQiJie.app */;
			productType = "com.apple.product-type.application";
		};
		556742BC1F3AA60900057642 /* banqianQiJieTests */ = {
			isa = PBXNativeTarget;
			buildConfigurationList = 556742D41F3AA60A00057642 /* Build configuration list for PBXNativeTarget "banqianQiJieTests" */;
			buildPhases = (
				556742B91F3AA60900057642 /* Sources */,
				556742BA1F3AA60900057642 /* Frameworks */,
				556742BB1F3AA60900057642 /* Resources */,
			);
			buildRules = (
			);
			dependencies = (
				556742BF1F3AA60900057642 /* PBXTargetDependency */,
			);
			name = banqianQiJieTests;
			productName = banqianQiJieTests;
			productReference = 556742BD1F3AA60900057642 /* banqianQiJieTests.xctest */;
			productType = "com.apple.product-type.bundle.unit-test";
		};
		556742C71F3AA60A00057642 /* banqianQiJieUITests */ = {
			isa = PBXNativeTarget;
			buildConfigurationList = 556742D71F3AA60A00057642 /* Build configuration list for PBXNativeTarget "banqianQiJieUITests" */;
			buildPhases = (
				556742C41F3AA60A00057642 /* Sources */,
				556742C51F3AA60A00057642 /* Frameworks */,
				556742C61F3AA60A00057642 /* Resources */,
			);
			buildRules = (
			);
			dependencies = (
				556742CA1F3AA60A00057642 /* PBXTargetDependency */,
			);
			name = banqianQiJieUITests;
			productName = banqianQiJieUITests;
			productReference = 556742C81F3AA60A00057642 /* banqianQiJieUITests.xctest */;
			productType = "com.apple.product-type.bundle.ui-testing";
		};
/* End PBXNativeTarget section */

/* Begin PBXProject section */
		556742A11F3AA60900057642 /* Project object */ = {
			isa = PBXProject;
			attributes = {
				LastSwiftUpdateCheck = 0830;
				LastUpgradeCheck = 0830;
				ORGANIZATIONNAME = banbo;
				TargetAttributes = {
					556742A81F3AA60900057642 = {
						CreatedOnToolsVersion = 8.3.1;
						ProvisioningStyle = Automatic;
					};
					556742BC1F3AA60900057642 = {
						CreatedOnToolsVersion = 8.3.1;
						ProvisioningStyle = Automatic;
						TestTargetID = 556742A81F3AA60900057642;
					};
					556742C71F3AA60A00057642 = {
						CreatedOnToolsVersion = 8.3.1;
						ProvisioningStyle = Automatic;
						TestTargetID = 556742A81F3AA60900057642;
					};
				};
			};
			buildConfigurationList = 556742A41F3AA60900057642 /* Build configuration list for PBXProject "banqianQiJie" */;
			compatibilityVersion = "Xcode 3.2";
			developmentRegion = English;
			hasScannedForEncodings = 0;
			knownRegions = (
				en,
				Base,
			);
			mainGroup = 556742A01F3AA60900057642;
			productRefGroup = 556742AA1F3AA60900057642 /* Products */;
			projectDirPath = "";
			projectRoot = "";
			targets = (
				556742A81F3AA60900057642 /* banqianQiJie */,
				556742BC1F3AA60900057642 /* banqianQiJieTests */,
				556742C71F3AA60A00057642 /* banqianQiJieUITests */,
			);
		};
/* End PBXProject section */

/* Begin PBXResourcesBuildPhase section */
		556742A71F3AA60900057642 /* Resources */ = {
			isa = PBXResourcesBuildPhase;
			buildActionMask = 2147483647;
			files = (
				556742B71F3AA60900057642 /* LaunchScreen.storyboard in Resources */,
				556742B41F3AA60900057642 /* Assets.xcassets in Resources */,
				556742B21F3AA60900057642 /* Main.storyboard in Resources */,
			);
			runOnlyForDeploymentPostprocessing = 0;
		};
		556742BB1F3AA60900057642 /* Resources */ = {
			isa = PBXResourcesBuildPhase;
			buildActionMask = 2147483647;
			files = (
			);
			runOnlyForDeploymentPostprocessing = 0;
		};
		556742C61F3AA60A00057642 /* Resources */ = {
			isa = PBXResourcesBuildPhase;
			buildActionMask = 2147483647;
			files = (
			);
			runOnlyForDeploymentPostprocessing = 0;
		};
/* End PBXResourcesBuildPhase section */

/* Begin PBXSourcesBuildPhase section */
		556742A51F3AA60900057642 /* Sources */ = {
			isa = PBXSourcesBuildPhase;
			buildActionMask = 2147483647;
			files = (
				556742AF1F3AA60900057642 /* ViewController.swift in Sources */,
				556742AD1F3AA60900057642 /* AppDelegate.swift in Sources */,
			);
			runOnlyForDeploymentPostprocessing = 0;
		};
		556742B91F3AA60900057642 /* Sources */ = {
			isa = PBXSourcesBuildPhase;
			buildActionMask = 2147483647;
			files = (
				556742C21F3AA60A00057642 /* banqianQiJieTests.swift in Sources */,
			);
			runOnlyForDeploymentPostprocessing = 0;
		};
		556742C41F3AA60A00057642 /* Sources */ = {
			isa = PBXSourcesBuildPhase;
			buildActionMask = 2147483647;
			files = (
				556742CD1F3AA60A00057642 /* banqianQiJieUITests.swift in Sources */,
			);
			runOnlyForDeploymentPostprocessing = 0;
		};
/* End PBXSourcesBuildPhase section */

/* Begin PBXTargetDependency section */
		556742BF1F3AA60900057642 /* PBXTargetDependency */ = {
			isa = PBXTargetDependency;
			target = 556742A81F3AA60900057642 /* banqianQiJie */;
			targetProxy = 556742BE1F3AA60900057642 /* PBXContainerItemProxy */;
		};
		556742CA1F3AA60A00057642 /* PBXTargetDependency */ = {
			isa = PBXTargetDependency;
			target = 556742A81F3AA60900057642 /* banqianQiJie */;
			targetProxy = 556742C91F3AA60A00057642 /* PBXContainerItemProxy */;
		};
/* End PBXTargetDependency section */

/* Begin PBXVariantGroup section */
		556742B01F3AA60900057642 /* Main.storyboard */ = {
			isa = PBXVariantGroup;
			children = (
				556742B11F3AA60900057642 /* Base */,
			);
			name = Main.storyboard;
			sourceTree = "<group>";
		};
		556742B51F3AA60900057642 /* LaunchScreen.storyboard */ = {
			isa = PBXVariantGroup;
			children = (
				556742B61F3AA60900057642 /* Base */,
			);
			name = LaunchScreen.storyboard;
			sourceTree = "<group>";
		};
/* End PBXVariantGroup section */

/* Begin XCBuildConfiguration section */
		556742CF1F3AA60A00057642 /* Debug */ = {
			isa = XCBuildConfiguration;
			buildSettings = {
				ALWAYS_SEARCH_USER_PATHS = NO;
				CLANG_ANALYZER_NONNULL = YES;
				CLANG_ANALYZER_NUMBER_OBJECT_CONVERSION = YES_AGGRESSIVE;
				CLANG_CXX_LANGUAGE_STANDARD = "gnu++0x";
				CLANG_CXX_LIBRARY = "libc++";
				CLANG_ENABLE_MODULES = YES;
				CLANG_ENABLE_OBJC_ARC = YES;
				CLANG_WARN_BOOL_CONVERSION = YES;
				CLANG_WARN_CONSTANT_CONVERSION = YES;
				CLANG_WARN_DIRECT_OBJC_ISA_USAGE = YES_ERROR;
				CLANG_WARN_DOCUMENTATION_COMMENTS = YES;
				CLANG_WARN_EMPTY_BODY = YES;
				CLANG_WARN_ENUM_CONVERSION = YES;
				CLANG_WARN_INFINITE_RECURSION = YES;
				CLANG_WARN_INT_CONVERSION = YES;
				CLANG_WARN_OBJC_ROOT_CLASS = YES_ERROR;
				CLANG_WARN_SUSPICIOUS_MOVE = YES;
				CLANG_WARN_UNREACHABLE_CODE = YES;
				CLANG_WARN__DUPLICATE_METHOD_MATCH = YES;
				"CODE_SIGN_IDENTITY[sdk=iphoneos*]" = "iPhone Developer";
				COPY_PHASE_STRIP = NO;
				DEBUG_INFORMATION_FORMAT = dwarf;
				ENABLE_STRICT_OBJC_MSGSEND = YES;
				ENABLE_TESTABILITY = YES;
				GCC_C_LANGUAGE_STANDARD = gnu99;
				GCC_DYNAMIC_NO_PIC = NO;
				GCC_NO_COMMON_BLOCKS = YES;
				GCC_OPTIMIZATION_LEVEL = 0;
				GCC_PREPROCESSOR_DEFINITIONS = (
					"DEBUG=1",
					"$(inherited)",
				);
				GCC_WARN_64_TO_32_BIT_CONVERSION = YES;
				GCC_WARN_ABOUT_RETURN_TYPE = YES_ERROR;
				GCC_WARN_UNDECLARED_SELECTOR = YES;
				GCC_WARN_UNINITIALIZED_AUTOS = YES_AGGRESSIVE;
				GCC_WARN_UNUSED_FUNCTION = YES;
				GCC_WARN_UNUSED_VARIABLE = YES;
				IPHONEOS_DEPLOYMENT_TARGET = 10.3;
				MTL_ENABLE_DEBUG_INFO = YES;
				ONLY_ACTIVE_ARCH = YES;
				SDKROOT = iphoneos;
				SWIFT_ACTIVE_COMPILATION_CONDITIONS = DEBUG;
				SWIFT_OPTIMIZATION_LEVEL = "-Onone";
				TARGETED_DEVICE_FAMILY = "1,2";
			};
			name = Debug;
		};
		556742D01F3AA60A00057642 /* Release */ = {
			isa = XCBuildConfiguration;
			buildSettings = {
				ALWAYS_SEARCH_USER_PATHS = NO;
				CLANG_ANALYZER_NONNULL = YES;
				CLANG_ANALYZER_NUMBER_OBJECT_CONVERSION = YES_AGGRESSIVE;
				CLANG_CXX_LANGUAGE_STANDARD = "gnu++0x";
				CLANG_CXX_LIBRARY = "libc++";
				CLANG_ENABLE_MODULES = YES;
				CLANG_ENABLE_OBJC_ARC = YES;
				CLANG_WARN_BOOL_CONVERSION = YES;
				CLANG_WARN_CONSTANT_CONVERSION = YES;
				CLANG_WARN_DIRECT_OBJC_ISA_USAGE = YES_ERROR;
				CLANG_WARN_DOCUMENTATION_COMMENTS = YES;
				CLANG_WARN_EMPTY_BODY = YES;
				CLANG_WARN_ENUM_CONVERSION = YES;
				CLANG_WARN_INFINITE_RECURSION = YES;
				CLANG_WARN_INT_CONVERSION = YES;
				CLANG_WARN_OBJC_ROOT_CLASS = YES_ERROR;
				CLANG_WARN_SUSPICIOUS_MOVE = YES;
				CLANG_WARN_UNREACHABLE_CODE = YES;
				CLANG_WARN__DUPLICATE_METHOD_MATCH = YES;
				"CODE_SIGN_IDENTITY[sdk=iphoneos*]" = "iPhone Developer";
				COPY_PHASE_STRIP = NO;
				DEBUG_INFORMATION_FORMAT = "dwarf-with-dsym";
				ENABLE_NS_ASSERTIONS = NO;
				ENABLE_STRICT_OBJC_MSGSEND = YES;
				GCC_C_LANGUAGE_STANDARD = gnu99;
				GCC_NO_COMMON_BLOCKS = YES;
				GCC_WARN_64_TO_32_BIT_CONVERSION = YES;
				GCC_WARN_ABOUT_RETURN_TYPE = YES_ERROR;
				GCC_WARN_UNDECLARED_SELECTOR = YES;
				GCC_WARN_UNINITIALIZED_AUTOS = YES_AGGRESSIVE;
				GCC_WARN_UNUSED_FUNCTION = YES;
				GCC_WARN_UNUSED_VARIABLE = YES;
				IPHONEOS_DEPLOYMENT_TARGET = 10.3;
				MTL_ENABLE_DEBUG_INFO = NO;
				SDKROOT = iphoneos;
				SWIFT_OPTIMIZATION_LEVEL = "-Owholemodule";
				TARGETED_DEVICE_FAMILY = "1,2";
				VALIDATE_PRODUCT = YES;
			};
			name = Release;
		};
		556742D21F3AA60A00057642 /* Debug */ = {
			isa = XCBuildConfiguration;
			buildSettings = {
				ASSETCATALOG_COMPILER_APPICON_NAME = AppIcon;
				INFOPLIST_FILE = banqianQiJie/Info.plist;
				LD_RUNPATH_SEARCH_PATHS = "$(inherited) @executable_path/Frameworks";
				PRODUCT_BUNDLE_IDENTIFIER = com.banbo.banqianQiJie;
				PRODUCT_NAME = "$(TARGET_NAME)";
				SWIFT_VERSION = 3.0;
			};
			name = Debug;
		};
		556742D31F3AA60A00057642 /* Release */ = {
			isa = XCBuildConfiguration;
			buildSettings = {
				ASSETCATALOG_COMPILER_APPICON_NAME = AppIcon;
				INFOPLIST_FILE = banqianQiJie/Info.plist;
				LD_RUNPATH_SEARCH_PATHS = "$(inherited) @executable_path/Frameworks";
				PRODUCT_BUNDLE_IDENTIFIER = com.banbo.banqianQiJie;
				PRODUCT_NAME = "$(TARGET_NAME)";
				SWIFT_VERSION = 3.0;
			};
			name = Release;
		};
		556742D51F3AA60A00057642 /* Debug */ = {
			isa = XCBuildConfiguration;
			buildSettings = {
				ALWAYS_EMBED_SWIFT_STANDARD_LIBRARIES = YES;
				BUNDLE_LOADER = "$(TEST_HOST)";
				INFOPLIST_FILE = banqianQiJieTests/Info.plist;
				LD_RUNPATH_SEARCH_PATHS = "$(inherited) @executable_path/Frameworks @loader_path/Frameworks";
				PRODUCT_BUNDLE_IDENTIFIER = com.banbo.banqianQiJieTests;
				PRODUCT_NAME = "$(TARGET_NAME)";
				SWIFT_VERSION = 3.0;
				TEST_HOST = "$(BUILT_PRODUCTS_DIR)/banqianQiJie.app/banqianQiJie";
			};
			name = Debug;
		};
		556742D61F3AA60A00057642 /* Release */ = {
			isa = XCBuildConfiguration;
			buildSettings = {
				ALWAYS_EMBED_SWIFT_STANDARD_LIBRARIES = YES;
				BUNDLE_LOADER = "$(TEST_HOST)";
				INFOPLIST_FILE = banqianQiJieTests/Info.plist;
				LD_RUNPATH_SEARCH_PATHS = "$(inherited) @executable_path/Frameworks @loader_path/Frameworks";
				PRODUCT_BUNDLE_IDENTIFIER = com.banbo.banqianQiJieTests;
				PRODUCT_NAME = "$(TARGET_NAME)";
				SWIFT_VERSION = 3.0;
				TEST_HOST = "$(BUILT_PRODUCTS_DIR)/banqianQiJie.app/banqianQiJie";
			};
			name = Release;
		};
		556742D81F3AA60A00057642 /* Debug */ = {
			isa = XCBuildConfiguration;
			buildSettings = {
				ALWAYS_EMBED_SWIFT_STANDARD_LIBRARIES = YES;
				INFOPLIST_FILE = banqianQiJieUITests/Info.plist;
				LD_RUNPATH_SEARCH_PATHS = "$(inherited) @executable_path/Frameworks @loader_path/Frameworks";
				PRODUCT_BUNDLE_IDENTIFIER = com.banbo.banqianQiJieUITests;
				PRODUCT_NAME = "$(TARGET_NAME)";
				SWIFT_VERSION = 3.0;
				TEST_TARGET_NAME = banqianQiJie;
			};
			name = Debug;
		};
		556742D91F3AA60A00057642 /* Release */ = {
			isa = XCBuildConfiguration;
			buildSettings = {
				ALWAYS_EMBED_SWIFT_STANDARD_LIBRARIES = YES;
				INFOPLIST_FILE = banqianQiJieUITests/Info.plist;
				LD_RUNPATH_SEARCH_PATHS = "$(inherited) @executable_path/Frameworks @loader_path/Frameworks";
				PRODUCT_BUNDLE_IDENTIFIER = com.banbo.banqianQiJieUITests;
				PRODUCT_NAME = "$(TARGET_NAME)";
				SWIFT_VERSION = 3.0;
				TEST_TARGET_NAME = banqianQiJie;
			};
			name = Release;
		};
/* End XCBuildConfiguration section */

/* Begin XCConfigurationList section */
		556742A41F3AA60900057642 /* Build configuration list for PBXProject "banqianQiJie" */ = {
			isa = XCConfigurationList;
			buildConfigurations = (
				556742CF1F3AA60A00057642 /* Debug */,
				556742D01F3AA60A00057642 /* Release */,
			);
			defaultConfigurationIsVisible = 0;
			defaultConfigurationName = Release;
		};
		556742D11F3AA60A00057642 /* Build configuration list for PBXNativeTarget "banqianQiJie" */ = {
			isa = XCConfigurationList;
			buildConfigurations = (
				556742D21F3AA60A00057642 /* Debug */,
				556742D31F3AA60A00057642 /* Release */,
			);
			defaultConfigurationIsVisible = 0;
		};
		556742D41F3AA60A00057642 /* Build configuration list for PBXNativeTarget "banqianQiJieTests" */ = {
			isa = XCConfigurationList;
			buildConfigurations = (
				556742D51F3AA60A00057642 /* Debug */,
				556742D61F3AA60A00057642 /* Release */,
			);
			defaultConfigurationIsVisible = 0;
		};
		556742D71F3AA60A00057642 /* Build configuration list for PBXNativeTarget "banqianQiJieUITests" */ = {
			isa = XCConfigurationList;
			buildConfigurations = (
				556742D81F3AA60A00057642 /* Debug */,
				556742D91F3AA60A00057642 /* Release */,
			);
			defaultConfigurationIsVisible = 0;
		};
/* End XCConfigurationList section */
	};
	rootObject = 556742A11F3AA60900057642 /* Project object */;
}
